
Microsoft Visual Studio Solution File, Format Version 12.00
# Visual Studio 2013
VisualStudioVersion = 12.0.30110.0
MinimumVisualStudioVersion = 10.0.40219.1
Project("{FAE04EC0-301F-11D3-BF4B-00C04F79EFBC}") = "UI", "UI\UI.csproj", "{340381A0-41AF-40AF-AB04-F1D68D5C20CD}"
EndProject
Project("{FAE04EC0-301F-11D3-BF4B-00C04F79EFBC}") = "Abstract", "Abstract\Abstract.csproj", "{ECED1895-107D-4E57-BB56-4CC53EE65C77}"
EndProject
Project("{FAE04EC0-301F-11D3-BF4B-00C04F79EFBC}") = "Uselessness", "Uselessness\Uselessness.csproj", "{B979F113-062A-40E1-8851-864C17DD2A69}"
EndProject
Project("{FAE04EC0-301F-11D3-BF4B-00C04F79EFBC}") = "Pain", "Pain\Pain.csproj", "{C9DF447B-22EE-4F3C-A836-CDEC4B0059AB}"
EndProject
Global
	GlobalSection(SolutionConfigurationPlatforms) = preSolution
		Debug|Any CPU = Debug|Any CPU
		Release|Any CPU = Release|Any CPU
	EndGlobalSection
	GlobalSection(ProjectConfigurationPlatforms) = postSolution
		{340381A0-41AF-40AF-AB04-F1D68D5C20CD}.Debug|Any CPU.ActiveCfg = Debug|Any CPU
		{340381A0-41AF-40AF-AB04-F1D68D5C20CD}.Debug|Any CPU.Build.0 = Debug|Any CPU
		{340381A0-41AF-40AF-AB04-F1D68D5C20CD}.Release|Any CPU.ActiveCfg = Release|Any CPU
		{340381A0-41AF-40AF-AB04-F1D68D5C20CD}.Release|Any CPU.Build.0 = Release|Any CPU
		{ECED1895-107D-4E57-BB56-4CC53EE65C77}.Debug|Any CPU.ActiveCfg = Debug|Any CPU
		{ECED1895-107D-4E57-BB56-4CC53EE65C77}.Debug|Any CPU.Build.0 = Debug|Any CPU
		{ECED1895-107D-4E57-BB56-4CC53EE65C77}.Release|Any CPU.ActiveCfg = Release|Any CPU
		{ECED1895-107D-4E57-BB56-4CC53EE65C77}.Release|Any CPU.Build.0 = Release|Any CPU
		{B979F113-062A-40E1-8851-864C17DD2A69}.Debug|Any CPU.ActiveCfg = Debug|Any CPU
		{B979F113-062A-40E1-8851-864C17DD2A69}.Debug|Any CPU.Build.0 = Debug|Any CPU
		{B979F113-062A-40E1-8851-864C17DD2A69}.Release|Any CPU.ActiveCfg = Release|Any CPU
		{B979F113-062A-40E1-8851-864C17DD2A69}.Release|Any CPU.Build.0 = Release|Any CPU
		{C9DF447B-22EE-4F3C-A836-CDEC4B0059AB}.Debug|Any CPU.ActiveCfg = Debug|Any CPU
		{C9DF447B-22EE-4F3C-A836-CDEC4B0059AB}.Debug|Any CPU.Build.0 = Debug|Any CPU
		{C9DF447B-22EE-4F3C-A836-CDEC4B0059AB}.Release|Any CPU.ActiveCfg = Release|Any CPU
		{C9DF447B-22EE-4F3C-A836-CDEC4B0059AB}.Release|Any CPU.Build.0 = Release|Any CPU
	EndGlobalSection
	GlobalSection(SolutionProperties) = preSolution
		HideSolutionNode = FALSE
	EndGlobalSection
	GlobalSection(NDepend) = preSolution
		Project = ".\InstabilityVsAbstractness1.ndproj"
	EndGlobalSection
EndGlobal
